
Microsoft Visual Studio Solution File, Format Version 12.00
# Visual Studio Version 17
VisualStudioVersion = 17.4.33122.133
MinimumVisualStudioVersion = 10.0.40219.1
Project("{FAE04EC0-301F-11D3-BF4B-00C04F79EFBC}") = "Banking.UnitTests", "Banking.UnitTests\Banking.UnitTests.csproj", "{2D28B2A5-4543-4DF0-839F-A100735C3F66}"
EndProject
Project("{FAE04EC0-301F-11D3-BF4B-00C04F79EFBC}") = "Banking.Domain", "Banking.Domain\Banking.Domain.csproj", "{43D0555F-B47A-4FAF-ABF4-6AC05CDED242}"
EndProject
Global
	GlobalSection(SolutionConfigurationPlatforms) = preSolution
		Debug|Any CPU = Debug|Any CPU
		Release|Any CPU = Release|Any CPU
	EndGlobalSection
	GlobalSection(ProjectConfigurationPlatforms) = postSolution
		{2D28B2A5-4543-4DF0-839F-A100735C3F66}.Debug|Any CPU.ActiveCfg = Debug|Any CPU
		{2D28B2A5-4543-4DF0-839F-A100735C3F66}.Debug|Any CPU.Build.0 = Debug|Any CPU
		{2D28B2A5-4543-4DF0-839F-A100735C3F66}.Release|Any CPU.ActiveCfg = Release|Any CPU
		{2D28B2A5-4543-4DF0-839F-A100735C3F66}.Release|Any CPU.Build.0 = Release|Any CPU
		{43D0555F-B47A-4FAF-ABF4-6AC05CDED242}.Debug|Any CPU.ActiveCfg = Debug|Any CPU
		{43D0555F-B47A-4FAF-ABF4-6AC05CDED242}.Debug|Any CPU.Build.0 = Debug|Any CPU
		{43D0555F-B47A-4FAF-ABF4-6AC05CDED242}.Release|Any CPU.ActiveCfg = Release|Any CPU
		{43D0555F-B47A-4FAF-ABF4-6AC05CDED242}.Release|Any CPU.Build.0 = Release|Any CPU
	EndGlobalSection
	GlobalSection(SolutionProperties) = preSolution
		HideSolutionNode = FALSE
	EndGlobalSection
	GlobalSection(ExtensibilityGlobals) = postSolution
		SolutionGuid = {DC926DD6-0C96-46A1-83BC-16F0038CE33B}
	EndGlobalSection
EndGlobal
